// !$*UTF8*$!
{
	archiveVersion = 1;
	classes = {
	};
	objectVersion = 56;
	objects = {

/* Begin PBXBuildFile section */
		FE4EE2882C242255001C9F55 /* ScrumdingerApp.swift in Sources */ = {isa = PBXBuildFile; fileRef = FE4EE2872C242255001C9F55 /* ScrumdingerApp.swift */; };
		FE4EE28A2C242255001C9F55 /* MeetingView.swift in Sources */ = {isa = PBXBuildFile; fileRef = FE4EE2892C242255001C9F55 /* MeetingView.swift */; };
		FE4EE28C2C242257001C9F55 /* Assets.xcassets in Resources */ = {isa = PBXBuildFile; fileRef = FE4EE28B2C242257001C9F55 /* Assets.xcassets */; };
		FE4EE28F2C242257001C9F55 /* Preview Assets.xcassets in Resources */ = {isa = PBXBuildFile; fileRef = FE4EE28E2C242257001C9F55 /* Preview Assets.xcassets */; };
		FE4EE2972C242787001C9F55 /* Theme.swift in Sources */ = {isa = PBXBuildFile; fileRef = FE4EE2962C242787001C9F55 /* Theme.swift */; };
		FE4EE2992C242B54001C9F55 /* DailyScrum.swift in Sources */ = {isa = PBXBuildFile; fileRef = FE4EE2982C242B54001C9F55 /* DailyScrum.swift */; };
		FE4EE29B2C242C43001C9F55 /* CardView.swift in Sources */ = {isa = PBXBuildFile; fileRef = FE4EE29A2C242C43001C9F55 /* CardView.swift */; };
		FE4EE29D2C243021001C9F55 /* TrailingIconLabelStyle.swift in Sources */ = {isa = PBXBuildFile; fileRef = FE4EE29C2C243021001C9F55 /* TrailingIconLabelStyle.swift */; };
		FE4EE29F2C243712001C9F55 /* ScrumsView.swift in Sources */ = {isa = PBXBuildFile; fileRef = FE4EE29E2C243712001C9F55 /* ScrumsView.swift */; };
		FE4EE2A12C245576001C9F55 /* DetailView.swift in Sources */ = {isa = PBXBuildFile; fileRef = FE4EE2A02C245576001C9F55 /* DetailView.swift */; };
		FE4EE2A32C2469B8001C9F55 /* DetailEditView.swift in Sources */ = {isa = PBXBuildFile; fileRef = FE4EE2A22C2469B8001C9F55 /* DetailEditView.swift */; };
		FE4EE2A52C247B6B001C9F55 /* ThemeView.swift in Sources */ = {isa = PBXBuildFile; fileRef = FE4EE2A42C247B6B001C9F55 /* ThemeView.swift */; };
		FE4EE2A72C247BD5001C9F55 /* ThemePicker.swift in Sources */ = {isa = PBXBuildFile; fileRef = FE4EE2A62C247BD5001C9F55 /* ThemePicker.swift */; };
		FEC56CE62C2575D9008B1016 /* MeetingHeaderView.swift in Sources */ = {isa = PBXBuildFile; fileRef = FEC56CE52C2575D9008B1016 /* MeetingHeaderView.swift */; };
		FEC56CEB2C25789A008B1016 /* ScrumTimer.swift in Sources */ = {isa = PBXBuildFile; fileRef = FEC56CEA2C25789A008B1016 /* ScrumTimer.swift */; };
		FEC56CF12C257948008B1016 /* ScrumProgressViewStyle.swift in Sources */ = {isa = PBXBuildFile; fileRef = FEC56CF02C257948008B1016 /* ScrumProgressViewStyle.swift */; };
		FEC56CF42C2588D5008B1016 /* MeetingFooterView.swift in Sources */ = {isa = PBXBuildFile; fileRef = FEC56CF32C2588D5008B1016 /* MeetingFooterView.swift */; };
		FEC56CF82C25927C008B1016 /* AVPlayer+Ding.swift in Sources */ = {isa = PBXBuildFile; fileRef = FEC56CF72C25927C008B1016 /* AVPlayer+Ding.swift */; };
		FEC56CFA2C25A6A7008B1016 /* NewScrumSheet.swift in Sources */ = {isa = PBXBuildFile; fileRef = FEC56CF92C25A6A7008B1016 /* NewScrumSheet.swift */; };
		FEC56CFE2C25A943008B1016 /* History.swift in Sources */ = {isa = PBXBuildFile; fileRef = FEC56CFD2C25A943008B1016 /* History.swift */; };
/* End PBXBuildFile section */

/* Begin PBXFileReference section */
		FE4EE2842C242255001C9F55 /* Scrumdinger.app */ = {isa = PBXFileReference; explicitFileType = wrapper.application; includeInIndex = 0; path = Scrumdinger.app; sourceTree = BUILT_PRODUCTS_DIR; };
		FE4EE2872C242255001C9F55 /* ScrumdingerApp.swift */ = {isa = PBXFileReference; lastKnownFileType = sourcecode.swift; path = ScrumdingerApp.swift; sourceTree = "<group>"; };
		FE4EE2892C242255001C9F55 /* MeetingView.swift */ = {isa = PBXFileReference; lastKnownFileType = sourcecode.swift; path = MeetingView.swift; sourceTree = "<group>"; };
		FE4EE28B2C242257001C9F55 /* Assets.xcassets */ = {isa = PBXFileReference; lastKnownFileType = folder.assetcatalog; path = Assets.xcassets; sourceTree = "<group>"; };
		FE4EE28E2C242257001C9F55 /* Preview Assets.xcassets */ = {isa = PBXFileReference; lastKnownFileType = folder.assetcatalog; path = "Preview Assets.xcassets"; sourceTree = "<group>"; };
		FE4EE2962C242787001C9F55 /* Theme.swift */ = {isa = PBXFileReference; lastKnownFileType = sourcecode.swift; path = Theme.swift; sourceTree = "<group>"; };
		FE4EE2982C242B54001C9F55 /* DailyScrum.swift */ = {isa = PBXFileReference; lastKnownFileType = sourcecode.swift; path = DailyScrum.swift; sourceTree = "<group>"; };
		FE4EE29A2C242C43001C9F55 /* CardView.swift */ = {isa = PBXFileReference; lastKnownFileType = sourcecode.swift; path = CardView.swift; sourceTree = "<group>"; };
		FE4EE29C2C243021001C9F55 /* TrailingIconLabelStyle.swift */ = {isa = PBXFileReference; lastKnownFileType = sourcecode.swift; path = TrailingIconLabelStyle.swift; sourceTree = "<group>"; };
		FE4EE29E2C243712001C9F55 /* ScrumsView.swift */ = {isa = PBXFileReference; lastKnownFileType = sourcecode.swift; path = ScrumsView.swift; sourceTree = "<group>"; };
		FE4EE2A02C245576001C9F55 /* DetailView.swift */ = {isa = PBXFileReference; lastKnownFileType = sourcecode.swift; path = DetailView.swift; sourceTree = "<group>"; };
		FE4EE2A22C2469B8001C9F55 /* DetailEditView.swift */ = {isa = PBXFileReference; lastKnownFileType = sourcecode.swift; path = DetailEditView.swift; sourceTree = "<group>"; };
		FE4EE2A42C247B6B001C9F55 /* ThemeView.swift */ = {isa = PBXFileReference; lastKnownFileType = sourcecode.swift; path = ThemeView.swift; sourceTree = "<group>"; };
		FE4EE2A62C247BD5001C9F55 /* ThemePicker.swift */ = {isa = PBXFileReference; lastKnownFileType = sourcecode.swift; path = ThemePicker.swift; sourceTree = "<group>"; };
		FEC56CE52C2575D9008B1016 /* MeetingHeaderView.swift */ = {isa = PBXFileReference; lastKnownFileType = sourcecode.swift; path = MeetingHeaderView.swift; sourceTree = "<group>"; };
		FEC56CEA2C25789A008B1016 /* ScrumTimer.swift */ = {isa = PBXFileReference; fileEncoding = 4; lastKnownFileType = sourcecode.swift; name = ScrumTimer.swift; path = ../../../../../Downloads/ManagingStateAndLifeCycle/StartingProject/Scrumdinger/Models/ScrumTimer.swift; sourceTree = "<group>"; };
		FEC56CF02C257948008B1016 /* ScrumProgressViewStyle.swift */ = {isa = PBXFileReference; fileEncoding = 4; lastKnownFileType = sourcecode.swift; path = ScrumProgressViewStyle.swift; sourceTree = "<group>"; };
		FEC56CF32C2588D5008B1016 /* MeetingFooterView.swift */ = {isa = PBXFileReference; lastKnownFileType = sourcecode.swift; path = MeetingFooterView.swift; sourceTree = "<group>"; };
		FEC56CF72C25927C008B1016 /* AVPlayer+Ding.swift */ = {isa = PBXFileReference; fileEncoding = 4; lastKnownFileType = sourcecode.swift; path = "AVPlayer+Ding.swift"; sourceTree = "<group>"; };
		FEC56CF92C25A6A7008B1016 /* NewScrumSheet.swift */ = {isa = PBXFileReference; lastKnownFileType = sourcecode.swift; path = NewScrumSheet.swift; sourceTree = "<group>"; };
		FEC56CFD2C25A943008B1016 /* History.swift */ = {isa = PBXFileReference; lastKnownFileType = sourcecode.swift; path = History.swift; sourceTree = "<group>"; };
/* End PBXFileReference section */

/* Begin PBXFrameworksBuildPhase section */
		FE4EE2812C242255001C9F55 /* Frameworks */ = {
			isa = PBXFrameworksBuildPhase;
			buildActionMask = 2147483647;
			files = (
			);
			runOnlyForDeploymentPostprocessing = 0;
		};
/* End PBXFrameworksBuildPhase section */

/* Begin PBXGroup section */
		FE4EE27B2C242255001C9F55 = {
			isa = PBXGroup;
			children = (
				FE4EE2862C242255001C9F55 /* Scrumdinger */,
				FE4EE2852C242255001C9F55 /* Products */,
			);
			sourceTree = "<group>";
		};
		FE4EE2852C242255001C9F55 /* Products */ = {
			isa = PBXGroup;
			children = (
				FE4EE2842C242255001C9F55 /* Scrumdinger.app */,
			);
			name = Products;
			sourceTree = "<group>";
		};
		FE4EE2862C242255001C9F55 /* Scrumdinger */ = {
			isa = PBXGroup;
			children = (
				FE4EE28B2C242257001C9F55 /* Assets.xcassets */,
				FE4EE2952C242719001C9F55 /* Models */,
				FE4EE28D2C242257001C9F55 /* Preview Content */,
				FE4EE2872C242255001C9F55 /* ScrumdingerApp.swift */,
				FEC56CE92C257860008B1016 /* Views */,
			);
			path = Scrumdinger;
			sourceTree = "<group>";
		};
		FE4EE28D2C242257001C9F55 /* Preview Content */ = {
			isa = PBXGroup;
			children = (
				FE4EE28E2C242257001C9F55 /* Preview Assets.xcassets */,
			);
			path = "Preview Content";
			sourceTree = "<group>";
		};
		FE4EE2952C242719001C9F55 /* Models */ = {
			isa = PBXGroup;
			children = (
				FEC56CF72C25927C008B1016 /* AVPlayer+Ding.swift */,
				FE4EE2962C242787001C9F55 /* Theme.swift */,
				FE4EE2982C242B54001C9F55 /* DailyScrum.swift */,
				FEC56CEA2C25789A008B1016 /* ScrumTimer.swift */,
				FEC56CFD2C25A943008B1016 /* History.swift */,
			);
			path = Models;
			sourceTree = "<group>";
		};
		FEC56CE92C257860008B1016 /* Views */ = {
			isa = PBXGroup;
			children = (
				FE4EE29A2C242C43001C9F55 /* CardView.swift */,
				FE4EE2A22C2469B8001C9F55 /* DetailEditView.swift */,
				FE4EE2A02C245576001C9F55 /* DetailView.swift */,
				FEC56CE52C2575D9008B1016 /* MeetingHeaderView.swift */,
				FE4EE2892C242255001C9F55 /* MeetingView.swift */,
				FEC56CF02C257948008B1016 /* ScrumProgressViewStyle.swift */,
				FE4EE29E2C243712001C9F55 /* ScrumsView.swift */,
				FE4EE2A62C247BD5001C9F55 /* ThemePicker.swift */,
				FE4EE2A42C247B6B001C9F55 /* ThemeView.swift */,
				FE4EE29C2C243021001C9F55 /* TrailingIconLabelStyle.swift */,
				FEC56CF32C2588D5008B1016 /* MeetingFooterView.swift */,
				FEC56CF92C25A6A7008B1016 /* NewScrumSheet.swift */,
			);
			path = Views;
			sourceTree = "<group>";
		};
/* End PBXGroup section */

/* Begin PBXNativeTarget section */
		FE4EE2832C242255001C9F55 /* Scrumdinger */ = {
			isa = PBXNativeTarget;
			buildConfigurationList = FE4EE2922C242258001C9F55 /* Build configuration list for PBXNativeTarget "Scrumdinger" */;
			buildPhases = (
				FE4EE2802C242255001C9F55 /* Sources */,
				FE4EE2812C242255001C9F55 /* Frameworks */,
				FE4EE2822C242255001C9F55 /* Resources */,
			);
			buildRules = (
			);
			dependencies = (
			);
			name = Scrumdinger;
			productName = Scrumdinger;
			productReference = FE4EE2842C242255001C9F55 /* Scrumdinger.app */;
			productType = "com.apple.product-type.application";
		};
/* End PBXNativeTarget section */

/* Begin PBXProject section */
		FE4EE27C2C242255001C9F55 /* Project object */ = {
			isa = PBXProject;
			attributes = {
				BuildIndependentTargetsInParallel = 1;
				LastSwiftUpdateCheck = 1540;
				LastUpgradeCheck = 1540;
				TargetAttributes = {
					FE4EE2832C242255001C9F55 = {
						CreatedOnToolsVersion = 15.4;
					};
				};
			};
			buildConfigurationList = FE4EE27F2C242255001C9F55 /* Build configuration list for PBXProject "Scrumdinger" */;
			compatibilityVersion = "Xcode 14.0";
			developmentRegion = en;
			hasScannedForEncodings = 0;
			knownRegions = (
				en,
				Base,
			);
			mainGroup = FE4EE27B2C242255001C9F55;
			productRefGroup = FE4EE2852C242255001C9F55 /* Products */;
			projectDirPath = "";
			projectRoot = "";
			targets = (
				FE4EE2832C242255001C9F55 /* Scrumdinger */,
			);
		};
/* End PBXProject section */

/* Begin PBXResourcesBuildPhase section */
		FE4EE2822C242255001C9F55 /* Resources */ = {
			isa = PBXResourcesBuildPhase;
			buildActionMask = 2147483647;
			files = (
				FE4EE28F2C242257001C9F55 /* Preview Assets.xcassets in Resources */,
				FE4EE28C2C242257001C9F55 /* Assets.xcassets in Resources */,
			);
			runOnlyForDeploymentPostprocessing = 0;
		};
/* End PBXResourcesBuildPhase section */

/* Begin PBXSourcesBuildPhase section */
		FE4EE2802C242255001C9F55 /* Sources */ = {
			isa = PBXSourcesBuildPhase;
			buildActionMask = 2147483647;
			files = (
				FEC56CFE2C25A943008B1016 /* History.swift in Sources */,
				FE4EE2A72C247BD5001C9F55 /* ThemePicker.swift in Sources */,
				FEC56CEB2C25789A008B1016 /* ScrumTimer.swift in Sources */,
				FEC56CF42C2588D5008B1016 /* MeetingFooterView.swift in Sources */,
				FEC56CF12C257948008B1016 /* ScrumProgressViewStyle.swift in Sources */,
				FE4EE2992C242B54001C9F55 /* DailyScrum.swift in Sources */,
				FE4EE2A12C245576001C9F55 /* DetailView.swift in Sources */,
				FEC56CE62C2575D9008B1016 /* MeetingHeaderView.swift in Sources */,
				FE4EE2A32C2469B8001C9F55 /* DetailEditView.swift in Sources */,
				FEC56CFA2C25A6A7008B1016 /* NewScrumSheet.swift in Sources */,
				FE4EE29D2C243021001C9F55 /* TrailingIconLabelStyle.swift in Sources */,
				FE4EE2972C242787001C9F55 /* Theme.swift in Sources */,
				FE4EE29F2C243712001C9F55 /* ScrumsView.swift in Sources */,
				FE4EE28A2C242255001C9F55 /* MeetingView.swift in Sources */,
				FE4EE2882C242255001C9F55 /* ScrumdingerApp.swift in Sources */,
				FE4EE2A52C247B6B001C9F55 /* ThemeView.swift in Sources */,
				FE4EE29B2C242C43001C9F55 /* CardView.swift in Sources */,
				FEC56CF82C25927C008B1016 /* AVPlayer+Ding.swift in Sources */,
			);
			runOnlyForDeploymentPostprocessing = 0;
		};
/* End PBXSourcesBuildPhase section */

/* Begin XCBuildConfiguration section */
		FE4EE2902C242257001C9F55 /* Debug */ = {
			isa = XCBuildConfiguration;
			buildSettings = {
				ALWAYS_SEARCH_USER_PATHS = NO;
				ASSETCATALOG_COMPILER_GENERATE_SWIFT_ASSET_SYMBOL_EXTENSIONS = YES;
				CLANG_ANALYZER_NONNULL = YES;
				CLANG_ANALYZER_NUMBER_OBJECT_CONVERSION = YES_AGGRESSIVE;
				CLANG_CXX_LANGUAGE_STANDARD = "gnu++20";
				CLANG_ENABLE_MODULES = YES;
				CLANG_ENABLE_OBJC_ARC = YES;
				CLANG_ENABLE_OBJC_WEAK = YES;
				CLANG_WARN_BLOCK_CAPTURE_AUTORELEASING = YES;
				CLANG_WARN_BOOL_CONVERSION = YES;
				CLANG_WARN_COMMA = YES;
				CLANG_WARN_CONSTANT_CONVERSION = YES;
				CLANG_WARN_DEPRECATED_OBJC_IMPLEMENTATIONS = YES;
				CLANG_WARN_DIRECT_OBJC_ISA_USAGE = YES_ERROR;
				CLANG_WARN_DOCUMENTATION_COMMENTS = YES;
				CLANG_WARN_EMPTY_BODY = YES;
				CLANG_WARN_ENUM_CONVERSION = YES;
				CLANG_WARN_INFINITE_RECURSION = YES;
				CLANG_WARN_INT_CONVERSION = YES;
				CLANG_WARN_NON_LITERAL_NULL_CONVERSION = YES;
				CLANG_WARN_OBJC_IMPLICIT_RETAIN_SELF = YES;
				CLANG_WARN_OBJC_LITERAL_CONVERSION = YES;
				CLANG_WARN_OBJC_ROOT_CLASS = YES_ERROR;
				CLANG_WARN_QUOTED_INCLUDE_IN_FRAMEWORK_HEADER = YES;
				CLANG_WARN_RANGE_LOOP_ANALYSIS = YES;
				CLANG_WARN_STRICT_PROTOTYPES = YES;
				CLANG_WARN_SUSPICIOUS_MOVE = YES;
				CLANG_WARN_UNGUARDED_AVAILABILITY = YES_AGGRESSIVE;
				CLANG_WARN_UNREACHABLE_CODE = YES;
				CLANG_WARN__DUPLICATE_METHOD_MATCH = YES;
				COPY_PHASE_STRIP = NO;
				DEBUG_INFORMATION_FORMAT = dwarf;
				ENABLE_STRICT_OBJC_MSGSEND = YES;
				ENABLE_TESTABILITY = YES;
				ENABLE_USER_SCRIPT_SANDBOXING = YES;
				GCC_C_LANGUAGE_STANDARD = gnu17;
				GCC_DYNAMIC_NO_PIC = NO;
				GCC_NO_COMMON_BLOCKS = YES;
				GCC_OPTIMIZATION_LEVEL = 0;
				GCC_PREPROCESSOR_DEFINITIONS = (
					"DEBUG=1",
					"$(inherited)",
				);
				GCC_WARN_64_TO_32_BIT_CONVERSION = YES;
				GCC_WARN_ABOUT_RETURN_TYPE = YES_ERROR;
				GCC_WARN_UNDECLARED_SELECTOR = YES;
				GCC_WARN_UNINITIALIZED_AUTOS = YES_AGGRESSIVE;
				GCC_WARN_UNUSED_FUNCTION = YES;
				GCC_WARN_UNUSED_VARIABLE = YES;
				IPHONEOS_DEPLOYMENT_TARGET = 17.5;
				LOCALIZATION_PREFERS_STRING_CATALOGS = YES;
				MTL_ENABLE_DEBUG_INFO = INCLUDE_SOURCE;
				MTL_FAST_MATH = YES;
				ONLY_ACTIVE_ARCH = YES;
				SDKROOT = iphoneos;
				SWIFT_ACTIVE_COMPILATION_CONDITIONS = "DEBUG $(inherited)";
				SWIFT_OPTIMIZATION_LEVEL = "-Onone";
			};
			name = Debug;
		};
		FE4EE2912C242257001C9F55 /* Release */ = {
			isa = XCBuildConfiguration;
			buildSettings = {
				ALWAYS_SEARCH_USER_PATHS = NO;
				ASSETCATALOG_COMPILER_GENERATE_SWIFT_ASSET_SYMBOL_EXTENSIONS = YES;
				CLANG_ANALYZER_NONNULL = YES;
				CLANG_ANALYZER_NUMBER_OBJECT_CONVERSION = YES_AGGRESSIVE;
				CLANG_CXX_LANGUAGE_STANDARD = "gnu++20";
				CLANG_ENABLE_MODULES = YES;
				CLANG_ENABLE_OBJC_ARC = YES;
				CLANG_ENABLE_OBJC_WEAK = YES;
				CLANG_WARN_BLOCK_CAPTURE_AUTORELEASING = YES;
				CLANG_WARN_BOOL_CONVERSION = YES;
				CLANG_WARN_COMMA = YES;
				CLANG_WARN_CONSTANT_CONVERSION = YES;
				CLANG_WARN_DEPRECATED_OBJC_IMPLEMENTATIONS = YES;
				CLANG_WARN_DIRECT_OBJC_ISA_USAGE = YES_ERROR;
				CLANG_WARN_DOCUMENTATION_COMMENTS = YES;
				CLANG_WARN_EMPTY_BODY = YES;
				CLANG_WARN_ENUM_CONVERSION = YES;
				CLANG_WARN_INFINITE_RECURSION = YES;
				CLANG_WARN_INT_CONVERSION = YES;
				CLANG_WARN_NON_LITERAL_NULL_CONVERSION = YES;
				CLANG_WARN_OBJC_IMPLICIT_RETAIN_SELF = YES;
				CLANG_WARN_OBJC_LITERAL_CONVERSION = YES;
				CLANG_WARN_OBJC_ROOT_CLASS = YES_ERROR;
				CLANG_WARN_QUOTED_INCLUDE_IN_FRAMEWORK_HEADER = YES;
				CLANG_WARN_RANGE_LOOP_ANALYSIS = YES;
				CLANG_WARN_STRICT_PROTOTYPES = YES;
				CLANG_WARN_SUSPICIOUS_MOVE = YES;
				CLANG_WARN_UNGUARDED_AVAILABILITY = YES_AGGRESSIVE;
				CLANG_WARN_UNREACHABLE_CODE = YES;
				CLANG_WARN__DUPLICATE_METHOD_MATCH = YES;
				COPY_PHASE_STRIP = NO;
				DEBUG_INFORMATION_FORMAT = "dwarf-with-dsym";
				ENABLE_NS_ASSERTIONS = NO;
				ENABLE_STRICT_OBJC_MSGSEND = YES;
				ENABLE_USER_SCRIPT_SANDBOXING = YES;
				GCC_C_LANGUAGE_STANDARD = gnu17;
				GCC_NO_COMMON_BLOCKS = YES;
				GCC_WARN_64_TO_32_BIT_CONVERSION = YES;
				GCC_WARN_ABOUT_RETURN_TYPE = YES_ERROR;
				GCC_WARN_UNDECLARED_SELECTOR = YES;
				GCC_WARN_UNINITIALIZED_AUTOS = YES_AGGRESSIVE;
				GCC_WARN_UNUSED_FUNCTION = YES;
				GCC_WARN_UNUSED_VARIABLE = YES;
				IPHONEOS_DEPLOYMENT_TARGET = 17.5;
				LOCALIZATION_PREFERS_STRING_CATALOGS = YES;
				MTL_ENABLE_DEBUG_INFO = NO;
				MTL_FAST_MATH = YES;
				SDKROOT = iphoneos;
				SWIFT_COMPILATION_MODE = wholemodule;
				VALIDATE_PRODUCT = YES;
			};
			name = Release;
		};
		FE4EE2932C242258001C9F55 /* Debug */ = {
			isa = XCBuildConfiguration;
			buildSettings = {
				ASSETCATALOG_COMPILER_APPICON_NAME = AppIcon;
				ASSETCATALOG_COMPILER_GLOBAL_ACCENT_COLOR_NAME = AccentColor;
				CODE_SIGN_STYLE = Automatic;
				CURRENT_PROJECT_VERSION = 1;
				DEVELOPMENT_ASSET_PATHS = "\"Scrumdinger/Preview Content\"";
				ENABLE_PREVIEWS = YES;
				GENERATE_INFOPLIST_FILE = YES;
				INFOPLIST_KEY_UIApplicationSceneManifest_Generation = YES;
				INFOPLIST_KEY_UIApplicationSupportsIndirectInputEvents = YES;
				INFOPLIST_KEY_UILaunchScreen_Generation = YES;
				INFOPLIST_KEY_UISupportedInterfaceOrientations_iPad = "UIInterfaceOrientationPortrait UIInterfaceOrientationPortraitUpsideDown UIInterfaceOrientationLandscapeLeft UIInterfaceOrientationLandscapeRight";
				INFOPLIST_KEY_UISupportedInterfaceOrientations_iPhone = "UIInterfaceOrientationPortrait UIInterfaceOrientationLandscapeLeft UIInterfaceOrientationLandscapeRight";
				LD_RUNPATH_SEARCH_PATHS = (
					"$(inherited)",
					"@executable_path/Frameworks",
				);
				MARKETING_VERSION = 1.0;
				PRODUCT_BUNDLE_IDENTIFIER = name.democom.Scrumdinger;
				PRODUCT_NAME = "$(TARGET_NAME)";
				SWIFT_EMIT_LOC_STRINGS = YES;
				SWIFT_VERSION = 5.0;
				TARGETED_DEVICE_FAMILY = "1,2";
			};
			name = Debug;
		};
		FE4EE2942C242258001C9F55 /* Release */ = {
			isa = XCBuildConfiguration;
			buildSettings = {
				ASSETCATALOG_COMPILER_APPICON_NAME = AppIcon;
				ASSETCATALOG_COMPILER_GLOBAL_ACCENT_COLOR_NAME = AccentColor;
				CODE_SIGN_STYLE = Automatic;
				CURRENT_PROJECT_VERSION = 1;
				DEVELOPMENT_ASSET_PATHS = "\"Scrumdinger/Preview Content\"";
				ENABLE_PREVIEWS = YES;
				GENERATE_INFOPLIST_FILE = YES;
				INFOPLIST_KEY_UIApplicationSceneManifest_Generation = YES;
				INFOPLIST_KEY_UIApplicationSupportsIndirectInputEvents = YES;
				INFOPLIST_KEY_UILaunchScreen_Generation = YES;
				INFOPLIST_KEY_UISupportedInterfaceOrientations_iPad = "UIInterfaceOrientationPortrait UIInterfaceOrientationPortraitUpsideDown UIInterfaceOrientationLandscapeLeft UIInterfaceOrientationLandscapeRight";
				INFOPLIST_KEY_UISupportedInterfaceOrientations_iPhone = "UIInterfaceOrientationPortrait UIInterfaceOrientationLandscapeLeft UIInterfaceOrientationLandscapeRight";
				LD_RUNPATH_SEARCH_PATHS = (
					"$(inherited)",
					"@executable_path/Frameworks",
				);
				MARKETING_VERSION = 1.0;
				PRODUCT_BUNDLE_IDENTIFIER = name.democom.Scrumdinger;
				PRODUCT_NAME = "$(TARGET_NAME)";
				SWIFT_EMIT_LOC_STRINGS = YES;
				SWIFT_VERSION = 5.0;
				TARGETED_DEVICE_FAMILY = "1,2";
			};
			name = Release;
		};
/* End XCBuildConfiguration section */

/* Begin XCConfigurationList section */
		FE4EE27F2C242255001C9F55 /* Build configuration list for PBXProject "Scrumdinger" */ = {
			isa = XCConfigurationList;
			buildConfigurations = (
				FE4EE2902C242257001C9F55 /* Debug */,
				FE4EE2912C242257001C9F55 /* Release */,
			);
			defaultConfigurationIsVisible = 0;
			defaultConfigurationName = Release;
		};
		FE4EE2922C242258001C9F55 /* Build configuration list for PBXNativeTarget "Scrumdinger" */ = {
			isa = XCConfigurationList;
			buildConfigurations = (
				FE4EE2932C242258001C9F55 /* Debug */,
				FE4EE2942C242258001C9F55 /* Release */,
			);
			defaultConfigurationIsVisible = 0;
			defaultConfigurationName = Release;
		};
/* End XCConfigurationList section */
	};
	rootObject = FE4EE27C2C242255001C9F55 /* Project object */;
}
